
Microsoft Visual Studio Solution File, Format Version 12.00
# Visual Studio Version 16
VisualStudioVersion = 16.0.31105.61
MinimumVisualStudioVersion = 10.0.40219.1
Project("{FAE04EC0-301F-11D3-BF4B-00C04F79EFBC}") = "FileDownloader", "FileDownloader.csproj", "{752D7673-7169-4999-B4F7-09B8691513EE}"
EndProject
Global
	GlobalSection(SolutionConfigurationPlatforms) = preSolution
		Debug|Any CPU = Debug|Any CPU
		Release|Any CPU = Release|Any CPU
	EndGlobalSection
	GlobalSection(ProjectConfigurationPlatforms) = postSolution
		{752D7673-7169-4999-B4F7-09B8691513EE}.Debug|Any CPU.ActiveCfg = Debug|Any CPU
		{752D7673-7169-4999-B4F7-09B8691513EE}.Debug|Any CPU.Build.0 = Debug|Any CPU
		{752D7673-7169-4999-B4F7-09B8691513EE}.Release|Any CPU.ActiveCfg = Release|Any CPU
		{752D7673-7169-4999-B4F7-09B8691513EE}.Release|Any CPU.Build.0 = Release|Any CPU
	EndGlobalSection
	GlobalSection(SolutionProperties) = preSolution
		HideSolutionNode = FALSE
	EndGlobalSection
	GlobalSection(ExtensibilityGlobals) = postSolution
		SolutionGuid = {DDB70A8D-B247-4EEC-9D25-BAB04B6BE31E}
	EndGlobalSection
EndGlobal
